// !$*UTF8*$!
{
	archiveVersion = 1;
	classes = {
	};
	objectVersion = 50;
	objects = {

/* Begin PBXBuildFile section */
		9F4EBA3D24EBAE56004B55D2 /* AppDelegate.swift in Sources */ = {isa = PBXBuildFile; fileRef = 9F4EBA3C24EBAE56004B55D2 /* AppDelegate.swift */; };
		9F4EBA3F24EBAE56004B55D2 /* SceneDelegate.swift in Sources */ = {isa = PBXBuildFile; fileRef = 9F4EBA3E24EBAE56004B55D2 /* SceneDelegate.swift */; };
		9F4EBA4124EBAE56004B55D2 /* ViewController.swift in Sources */ = {isa = PBXBuildFile; fileRef = 9F4EBA4024EBAE56004B55D2 /* ViewController.swift */; };
		9F4EBA4424EBAE56004B55D2 /* Main.storyboard in Resources */ = {isa = PBXBuildFile; fileRef = 9F4EBA4224EBAE56004B55D2 /* Main.storyboard */; };
		9F4EBA4624EBAE58004B55D2 /* Assets.xcassets in Resources */ = {isa = PBXBuildFile; fileRef = 9F4EBA4524EBAE58004B55D2 /* Assets.xcassets */; };
		9F4EBA4924EBAE58004B55D2 /* LaunchScreen.storyboard in Resources */ = {isa = PBXBuildFile; fileRef = 9F4EBA4724EBAE58004B55D2 /* LaunchScreen.storyboard */; };
		9F4EBA5424EBAE59004B55D2 /* SubscriberPattersTests.swift in Sources */ = {isa = PBXBuildFile; fileRef = 9F4EBA5324EBAE59004B55D2 /* SubscriberPattersTests.swift */; };
		9F4EBA5F24EBAE59004B55D2 /* SubscriberPattersUITests.swift in Sources */ = {isa = PBXBuildFile; fileRef = 9F4EBA5E24EBAE59004B55D2 /* SubscriberPattersUITests.swift */; };
/* End PBXBuildFile section */

/* Begin PBXContainerItemProxy section */
		9F4EBA5024EBAE59004B55D2 /* PBXContainerItemProxy */ = {
			isa = PBXContainerItemProxy;
			containerPortal = 9F4EBA3124EBAE56004B55D2 /* Project object */;
			proxyType = 1;
			remoteGlobalIDString = 9F4EBA3824EBAE56004B55D2;
			remoteInfo = SubscriberPatters;
		};
		9F4EBA5B24EBAE59004B55D2 /* PBXContainerItemProxy */ = {
			isa = PBXContainerItemProxy;
			containerPortal = 9F4EBA3124EBAE56004B55D2 /* Project object */;
			proxyType = 1;
			remoteGlobalIDString = 9F4EBA3824EBAE56004B55D2;
			remoteInfo = SubscriberPatters;
		};
/* End PBXContainerItemProxy section */

/* Begin PBXFileReference section */
		9F4EBA3924EBAE56004B55D2 /* SubscriberPatters.app */ = {isa = PBXFileReference; explicitFileType = wrapper.application; includeInIndex = 0; path = SubscriberPatters.app; sourceTree = BUILT_PRODUCTS_DIR; };
		9F4EBA3C24EBAE56004B55D2 /* AppDelegate.swift */ = {isa = PBXFileReference; lastKnownFileType = sourcecode.swift; path = AppDelegate.swift; sourceTree = "<group>"; };
		9F4EBA3E24EBAE56004B55D2 /* SceneDelegate.swift */ = {isa = PBXFileReference; lastKnownFileType = sourcecode.swift; path = SceneDelegate.swift; sourceTree = "<group>"; };
		9F4EBA4024EBAE56004B55D2 /* ViewController.swift */ = {isa = PBXFileReference; lastKnownFileType = sourcecode.swift; path = ViewController.swift; sourceTree = "<group>"; };
		9F4EBA4324EBAE56004B55D2 /* Base */ = {isa = PBXFileReference; lastKnownFileType = file.storyboard; name = Base; path = Base.lproj/Main.storyboard; sourceTree = "<group>"; };
		9F4EBA4524EBAE58004B55D2 /* Assets.xcassets */ = {isa = PBXFileReference; lastKnownFileType = folder.assetcatalog; path = Assets.xcassets; sourceTree = "<group>"; };
		9F4EBA4824EBAE58004B55D2 /* Base */ = {isa = PBXFileReference; lastKnownFileType = file.storyboard; name = Base; path = Base.lproj/LaunchScreen.storyboard; sourceTree = "<group>"; };
		9F4EBA4A24EBAE58004B55D2 /* Info.plist */ = {isa = PBXFileReference; lastKnownFileType = text.plist.xml; path = Info.plist; sourceTree = "<group>"; };
		9F4EBA4F24EBAE59004B55D2 /* SubscriberPattersTests.xctest */ = {isa = PBXFileReference; explicitFileType = wrapper.cfbundle; includeInIndex = 0; path = SubscriberPattersTests.xctest; sourceTree = BUILT_PRODUCTS_DIR; };
		9F4EBA5324EBAE59004B55D2 /* SubscriberPattersTests.swift */ = {isa = PBXFileReference; lastKnownFileType = sourcecode.swift; path = SubscriberPattersTests.swift; sourceTree = "<group>"; };
		9F4EBA5524EBAE59004B55D2 /* Info.plist */ = {isa = PBXFileReference; lastKnownFileType = text.plist.xml; path = Info.plist; sourceTree = "<group>"; };
		9F4EBA5A24EBAE59004B55D2 /* SubscriberPattersUITests.xctest */ = {isa = PBXFileReference; explicitFileType = wrapper.cfbundle; includeInIndex = 0; path = SubscriberPattersUITests.xctest; sourceTree = BUILT_PRODUCTS_DIR; };
		9F4EBA5E24EBAE59004B55D2 /* SubscriberPattersUITests.swift */ = {isa = PBXFileReference; lastKnownFileType = sourcecode.swift; path = SubscriberPattersUITests.swift; sourceTree = "<group>"; };
		9F4EBA6024EBAE59004B55D2 /* Info.plist */ = {isa = PBXFileReference; lastKnownFileType = text.plist.xml; path = Info.plist; sourceTree = "<group>"; };
/* End PBXFileReference section */

/* Begin PBXFrameworksBuildPhase section */
		9F4EBA3624EBAE56004B55D2 /* Frameworks */ = {
			isa = PBXFrameworksBuildPhase;
			buildActionMask = 2147483647;
			files = (
			);
			runOnlyForDeploymentPostprocessing = 0;
		};
		9F4EBA4C24EBAE59004B55D2 /* Frameworks */ = {
			isa = PBXFrameworksBuildPhase;
			buildActionMask = 2147483647;
			files = (
			);
			runOnlyForDeploymentPostprocessing = 0;
		};
		9F4EBA5724EBAE59004B55D2 /* Frameworks */ = {
			isa = PBXFrameworksBuildPhase;
			buildActionMask = 2147483647;
			files = (
			);
			runOnlyForDeploymentPostprocessing = 0;
		};
/* End PBXFrameworksBuildPhase section */

/* Begin PBXGroup section */
		9F4EBA3024EBAE56004B55D2 = {
			isa = PBXGroup;
			children = (
				9F4EBA3B24EBAE56004B55D2 /* SubscriberPatters */,
				9F4EBA5224EBAE59004B55D2 /* SubscriberPattersTests */,
				9F4EBA5D24EBAE59004B55D2 /* SubscriberPattersUITests */,
				9F4EBA3A24EBAE56004B55D2 /* Products */,
			);
			sourceTree = "<group>";
		};
		9F4EBA3A24EBAE56004B55D2 /* Products */ = {
			isa = PBXGroup;
			children = (
				9F4EBA3924EBAE56004B55D2 /* SubscriberPatters.app */,
				9F4EBA4F24EBAE59004B55D2 /* SubscriberPattersTests.xctest */,
				9F4EBA5A24EBAE59004B55D2 /* SubscriberPattersUITests.xctest */,
			);
			name = Products;
			sourceTree = "<group>";
		};
		9F4EBA3B24EBAE56004B55D2 /* SubscriberPatters */ = {
			isa = PBXGroup;
			children = (
				9F4EBA3C24EBAE56004B55D2 /* AppDelegate.swift */,
				9F4EBA3E24EBAE56004B55D2 /* SceneDelegate.swift */,
				9F4EBA4024EBAE56004B55D2 /* ViewController.swift */,
				9F4EBA4224EBAE56004B55D2 /* Main.storyboard */,
				9F4EBA4524EBAE58004B55D2 /* Assets.xcassets */,
				9F4EBA4724EBAE58004B55D2 /* LaunchScreen.storyboard */,
				9F4EBA4A24EBAE58004B55D2 /* Info.plist */,
			);
			path = SubscriberPatters;
			sourceTree = "<group>";
		};
		9F4EBA5224EBAE59004B55D2 /* SubscriberPattersTests */ = {
			isa = PBXGroup;
			children = (
				9F4EBA5324EBAE59004B55D2 /* SubscriberPattersTests.swift */,
				9F4EBA5524EBAE59004B55D2 /* Info.plist */,
			);
			path = SubscriberPattersTests;
			sourceTree = "<group>";
		};
		9F4EBA5D24EBAE59004B55D2 /* SubscriberPattersUITests */ = {
			isa = PBXGroup;
			children = (
				9F4EBA5E24EBAE59004B55D2 /* SubscriberPattersUITests.swift */,
				9F4EBA6024EBAE59004B55D2 /* Info.plist */,
			);
			path = SubscriberPattersUITests;
			sourceTree = "<group>";
		};
/* End PBXGroup section */

/* Begin PBXNativeTarget section */
		9F4EBA3824EBAE56004B55D2 /* SubscriberPatters */ = {
			isa = PBXNativeTarget;
			buildConfigurationList = 9F4EBA6324EBAE59004B55D2 /* Build configuration list for PBXNativeTarget "SubscriberPatters" */;
			buildPhases = (
				9F4EBA3524EBAE56004B55D2 /* Sources */,
				9F4EBA3624EBAE56004B55D2 /* Frameworks */,
				9F4EBA3724EBAE56004B55D2 /* Resources */,
			);
			buildRules = (
			);
			dependencies = (
			);
			name = SubscriberPatters;
			productName = SubscriberPatters;
			productReference = 9F4EBA3924EBAE56004B55D2 /* SubscriberPatters.app */;
			productType = "com.apple.product-type.application";
		};
		9F4EBA4E24EBAE59004B55D2 /* SubscriberPattersTests */ = {
			isa = PBXNativeTarget;
			buildConfigurationList = 9F4EBA6624EBAE59004B55D2 /* Build configuration list for PBXNativeTarget "SubscriberPattersTests" */;
			buildPhases = (
				9F4EBA4B24EBAE59004B55D2 /* Sources */,
				9F4EBA4C24EBAE59004B55D2 /* Frameworks */,
				9F4EBA4D24EBAE59004B55D2 /* Resources */,
			);
			buildRules = (
			);
			dependencies = (
				9F4EBA5124EBAE59004B55D2 /* PBXTargetDependency */,
			);
			name = SubscriberPattersTests;
			productName = SubscriberPattersTests;
			productReference = 9F4EBA4F24EBAE59004B55D2 /* SubscriberPattersTests.xctest */;
			productType = "com.apple.product-type.bundle.unit-test";
		};
		9F4EBA5924EBAE59004B55D2 /* SubscriberPattersUITests */ = {
			isa = PBXNativeTarget;
			buildConfigurationList = 9F4EBA6924EBAE59004B55D2 /* Build configuration list for PBXNativeTarget "SubscriberPattersUITests" */;
			buildPhases = (
				9F4EBA5624EBAE59004B55D2 /* Sources */,
				9F4EBA5724EBAE59004B55D2 /* Frameworks */,
				9F4EBA5824EBAE59004B55D2 /* Resources */,
			);
			buildRules = (
			);
			dependencies = (
				9F4EBA5C24EBAE59004B55D2 /* PBXTargetDependency */,
			);
			name = SubscriberPattersUITests;
			productName = SubscriberPattersUITests;
			productReference = 9F4EBA5A24EBAE59004B55D2 /* SubscriberPattersUITests.xctest */;
			productType = "com.apple.product-type.bundle.ui-testing";
		};
/* End PBXNativeTarget section */

/* Begin PBXProject section */
		9F4EBA3124EBAE56004B55D2 /* Project object */ = {
			isa = PBXProject;
			attributes = {
				LastSwiftUpdateCheck = 1150;
				LastUpgradeCheck = 1150;
				ORGANIZATIONNAME = "Ashish Jindal";
				TargetAttributes = {
					9F4EBA3824EBAE56004B55D2 = {
						CreatedOnToolsVersion = 11.5;
					};
					9F4EBA4E24EBAE59004B55D2 = {
						CreatedOnToolsVersion = 11.5;
						TestTargetID = 9F4EBA3824EBAE56004B55D2;
					};
					9F4EBA5924EBAE59004B55D2 = {
						CreatedOnToolsVersion = 11.5;
						TestTargetID = 9F4EBA3824EBAE56004B55D2;
					};
				};
			};
			buildConfigurationList = 9F4EBA3424EBAE56004B55D2 /* Build configuration list for PBXProject "SubscriberPatters" */;
			compatibilityVersion = "Xcode 9.3";
			developmentRegion = en;
			hasScannedForEncodings = 0;
			knownRegions = (
				en,
				Base,
			);
			mainGroup = 9F4EBA3024EBAE56004B55D2;
			productRefGroup = 9F4EBA3A24EBAE56004B55D2 /* Products */;
			projectDirPath = "";
			projectRoot = "";
			targets = (
				9F4EBA3824EBAE56004B55D2 /* SubscriberPatters */,
				9F4EBA4E24EBAE59004B55D2 /* SubscriberPattersTests */,
				9F4EBA5924EBAE59004B55D2 /* SubscriberPattersUITests */,
			);
		};
/* End PBXProject section */

/* Begin PBXResourcesBuildPhase section */
		9F4EBA3724EBAE56004B55D2 /* Resources */ = {
			isa = PBXResourcesBuildPhase;
			buildActionMask = 2147483647;
			files = (
				9F4EBA4924EBAE58004B55D2 /* LaunchScreen.storyboard in Resources */,
				9F4EBA4624EBAE58004B55D2 /* Assets.xcassets in Resources */,
				9F4EBA4424EBAE56004B55D2 /* Main.storyboard in Resources */,
			);
			runOnlyForDeploymentPostprocessing = 0;
		};
		9F4EBA4D24EBAE59004B55D2 /* Resources */ = {
			isa = PBXResourcesBuildPhase;
			buildActionMask = 2147483647;
			files = (
			);
			runOnlyForDeploymentPostprocessing = 0;
		};
		9F4EBA5824EBAE59004B55D2 /* Resources */ = {
			isa = PBXResourcesBuildPhase;
			buildActionMask = 2147483647;
			files = (
			);
			runOnlyForDeploymentPostprocessing = 0;
		};
/* End PBXResourcesBuildPhase section */

/* Begin PBXSourcesBuildPhase section */
		9F4EBA3524EBAE56004B55D2 /* Sources */ = {
			isa = PBXSourcesBuildPhase;
			buildActionMask = 2147483647;
			files = (
				9F4EBA4124EBAE56004B55D2 /* ViewController.swift in Sources */,
				9F4EBA3D24EBAE56004B55D2 /* AppDelegate.swift in Sources */,
				9F4EBA3F24EBAE56004B55D2 /* SceneDelegate.swift in Sources */,
			);
			runOnlyForDeploymentPostprocessing = 0;
		};
		9F4EBA4B24EBAE59004B55D2 /* Sources */ = {
			isa = PBXSourcesBuildPhase;
			buildActionMask = 2147483647;
			files = (
				9F4EBA5424EBAE59004B55D2 /* SubscriberPattersTests.swift in Sources */,
			);
			runOnlyForDeploymentPostprocessing = 0;
		};
		9F4EBA5624EBAE59004B55D2 /* Sources */ = {
			isa = PBXSourcesBuildPhase;
			buildActionMask = 2147483647;
			files = (
				9F4EBA5F24EBAE59004B55D2 /* SubscriberPattersUITests.swift in Sources */,
			);
			runOnlyForDeploymentPostprocessing = 0;
		};
/* End PBXSourcesBuildPhase section */

/* Begin PBXTargetDependency section */
		9F4EBA5124EBAE59004B55D2 /* PBXTargetDependency */ = {
			isa = PBXTargetDependency;
			target = 9F4EBA3824EBAE56004B55D2 /* SubscriberPatters */;
			targetProxy = 9F4EBA5024EBAE59004B55D2 /* PBXContainerItemProxy */;
		};
		9F4EBA5C24EBAE59004B55D2 /* PBXTargetDependency */ = {
			isa = PBXTargetDependency;
			target = 9F4EBA3824EBAE56004B55D2 /* SubscriberPatters */;
			targetProxy = 9F4EBA5B24EBAE59004B55D2 /* PBXContainerItemProxy */;
		};
/* End PBXTargetDependency section */

/* Begin PBXVariantGroup section */
		9F4EBA4224EBAE56004B55D2 /* Main.storyboard */ = {
			isa = PBXVariantGroup;
			children = (
				9F4EBA4324EBAE56004B55D2 /* Base */,
			);
			name = Main.storyboard;
			sourceTree = "<group>";
		};
		9F4EBA4724EBAE58004B55D2 /* LaunchScreen.storyboard */ = {
			isa = PBXVariantGroup;
			children = (
				9F4EBA4824EBAE58004B55D2 /* Base */,
			);
			name = LaunchScreen.storyboard;
			sourceTree = "<group>";
		};
/* End PBXVariantGroup section */

/* Begin XCBuildConfiguration section */
		9F4EBA6124EBAE59004B55D2 /* Debug */ = {
			isa = XCBuildConfiguration;
			buildSettings = {
				ALWAYS_SEARCH_USER_PATHS = NO;
				CLANG_ANALYZER_NONNULL = YES;
				CLANG_ANALYZER_NUMBER_OBJECT_CONVERSION = YES_AGGRESSIVE;
				CLANG_CXX_LANGUAGE_STANDARD = "gnu++14";
				CLANG_CXX_LIBRARY = "libc++";
				CLANG_ENABLE_MODULES = YES;
				CLANG_ENABLE_OBJC_ARC = YES;
				CLANG_ENABLE_OBJC_WEAK = YES;
				CLANG_WARN_BLOCK_CAPTURE_AUTORELEASING = YES;
				CLANG_WARN_BOOL_CONVERSION = YES;
				CLANG_WARN_COMMA = YES;
				CLANG_WARN_CONSTANT_CONVERSION = YES;
				CLANG_WARN_DEPRECATED_OBJC_IMPLEMENTATIONS = YES;
				CLANG_WARN_DIRECT_OBJC_ISA_USAGE = YES_ERROR;
				CLANG_WARN_DOCUMENTATION_COMMENTS = YES;
				CLANG_WARN_EMPTY_BODY = YES;
				CLANG_WARN_ENUM_CONVERSION = YES;
				CLANG_WARN_INFINITE_RECURSION = YES;
				CLANG_WARN_INT_CONVERSION = YES;
				CLANG_WARN_NON_LITERAL_NULL_CONVERSION = YES;
				CLANG_WARN_OBJC_IMPLICIT_RETAIN_SELF = YES;
				CLANG_WARN_OBJC_LITERAL_CONVERSION = YES;
				CLANG_WARN_OBJC_ROOT_CLASS = YES_ERROR;
				CLANG_WARN_RANGE_LOOP_ANALYSIS = YES;
				CLANG_WARN_STRICT_PROTOTYPES = YES;
				CLANG_WARN_SUSPICIOUS_MOVE = YES;
				CLANG_WARN_UNGUARDED_AVAILABILITY = YES_AGGRESSIVE;
				CLANG_WARN_UNREACHABLE_CODE = YES;
				CLANG_WARN__DUPLICATE_METHOD_MATCH = YES;
				COPY_PHASE_STRIP = NO;
				DEBUG_INFORMATION_FORMAT = dwarf;
				ENABLE_STRICT_OBJC_MSGSEND = YES;
				ENABLE_TESTABILITY = YES;
				GCC_C_LANGUAGE_STANDARD = gnu11;
				GCC_DYNAMIC_NO_PIC = NO;
				GCC_NO_COMMON_BLOCKS = YES;
				GCC_OPTIMIZATION_LEVEL = 0;
				GCC_PREPROCESSOR_DEFINITIONS = (
					"DEBUG=1",
					"$(inherited)",
				);
				GCC_WARN_64_TO_32_BIT_CONVERSION = YES;
				GCC_WARN_ABOUT_RETURN_TYPE = YES_ERROR;
				GCC_WARN_UNDECLARED_SELECTOR = YES;
				GCC_WARN_UNINITIALIZED_AUTOS = YES_AGGRESSIVE;
				GCC_WARN_UNUSED_FUNCTION = YES;
				GCC_WARN_UNUSED_VARIABLE = YES;
				IPHONEOS_DEPLOYMENT_TARGET = 13.5;
				MTL_ENABLE_DEBUG_INFO = INCLUDE_SOURCE;
				MTL_FAST_MATH = YES;
				ONLY_ACTIVE_ARCH = YES;
				SDKROOT = iphoneos;
				SWIFT_ACTIVE_COMPILATION_CONDITIONS = DEBUG;
				SWIFT_OPTIMIZATION_LEVEL = "-Onone";
			};
			name = Debug;
		};
		9F4EBA6224EBAE59004B55D2 /* Release */ = {
			isa = XCBuildConfiguration;
			buildSettings = {
				ALWAYS_SEARCH_USER_PATHS = NO;
				CLANG_ANALYZER_NONNULL = YES;
				CLANG_ANALYZER_NUMBER_OBJECT_CONVERSION = YES_AGGRESSIVE;
				CLANG_CXX_LANGUAGE_STANDARD = "gnu++14";
				CLANG_CXX_LIBRARY = "libc++";
				CLANG_ENABLE_MODULES = YES;
				CLANG_ENABLE_OBJC_ARC = YES;
				CLANG_ENABLE_OBJC_WEAK = YES;
				CLANG_WARN_BLOCK_CAPTURE_AUTORELEASING = YES;
				CLANG_WARN_BOOL_CONVERSION = YES;
				CLANG_WARN_COMMA = YES;
				CLANG_WARN_CONSTANT_CONVERSION = YES;
				CLANG_WARN_DEPRECATED_OBJC_IMPLEMENTATIONS = YES;
				CLANG_WARN_DIRECT_OBJC_ISA_USAGE = YES_ERROR;
				CLANG_WARN_DOCUMENTATION_COMMENTS = YES;
				CLANG_WARN_EMPTY_BODY = YES;
				CLANG_WARN_ENUM_CONVERSION = YES;
				CLANG_WARN_INFINITE_RECURSION = YES;
				CLANG_WARN_INT_CONVERSION = YES;
				CLANG_WARN_NON_LITERAL_NULL_CONVERSION = YES;
				CLANG_WARN_OBJC_IMPLICIT_RETAIN_SELF = YES;
				CLANG_WARN_OBJC_LITERAL_CONVERSION = YES;
				CLANG_WARN_OBJC_ROOT_CLASS = YES_ERROR;
				CLANG_WARN_RANGE_LOOP_ANALYSIS = YES;
				CLANG_WARN_STRICT_PROTOTYPES = YES;
				CLANG_WARN_SUSPICIOUS_MOVE = YES;
				CLANG_WARN_UNGUARDED_AVAILABILITY = YES_AGGRESSIVE;
				CLANG_WARN_UNREACHABLE_CODE = YES;
				CLANG_WARN__DUPLICATE_METHOD_MATCH = YES;
				COPY_PHASE_STRIP = NO;
				DEBUG_INFORMATION_FORMAT = "dwarf-with-dsym";
				ENABLE_NS_ASSERTIONS = NO;
				ENABLE_STRICT_OBJC_MSGSEND = YES;
				GCC_C_LANGUAGE_STANDARD = gnu11;
				GCC_NO_COMMON_BLOCKS = YES;
				GCC_WARN_64_TO_32_BIT_CONVERSION = YES;
				GCC_WARN_ABOUT_RETURN_TYPE = YES_ERROR;
				GCC_WARN_UNDECLARED_SELECTOR = YES;
				GCC_WARN_UNINITIALIZED_AUTOS = YES_AGGRESSIVE;
				GCC_WARN_UNUSED_FUNCTION = YES;
				GCC_WARN_UNUSED_VARIABLE = YES;
				IPHONEOS_DEPLOYMENT_TARGET = 13.5;
				MTL_ENABLE_DEBUG_INFO = NO;
				MTL_FAST_MATH = YES;
				SDKROOT = iphoneos;
				SWIFT_COMPILATION_MODE = wholemodule;
				SWIFT_OPTIMIZATION_LEVEL = "-O";
				VALIDATE_PRODUCT = YES;
			};
			name = Release;
		};
		9F4EBA6424EBAE59004B55D2 /* Debug */ = {
			isa = XCBuildConfiguration;
			buildSettings = {
				ASSETCATALOG_COMPILER_APPICON_NAME = AppIcon;
				CODE_SIGN_STYLE = Automatic;
				INFOPLIST_FILE = SubscriberPatters/Info.plist;
				LD_RUNPATH_SEARCH_PATHS = (
					"$(inherited)",
					"@executable_path/Frameworks",
				);
				PRODUCT_BUNDLE_IDENTIFIER = ashishjindal.SubscriberPatters;
				PRODUCT_NAME = "$(TARGET_NAME)";
				SWIFT_VERSION = 5.0;
				TARGETED_DEVICE_FAMILY = "1,2";
			};
			name = Debug;
		};
		9F4EBA6524EBAE59004B55D2 /* Release */ = {
			isa = XCBuildConfiguration;
			buildSettings = {
				ASSETCATALOG_COMPILER_APPICON_NAME = AppIcon;
				CODE_SIGN_STYLE = Automatic;
				INFOPLIST_FILE = SubscriberPatters/Info.plist;
				LD_RUNPATH_SEARCH_PATHS = (
					"$(inherited)",
					"@executable_path/Frameworks",
				);
				PRODUCT_BUNDLE_IDENTIFIER = ashishjindal.SubscriberPatters;
				PRODUCT_NAME = "$(TARGET_NAME)";
				SWIFT_VERSION = 5.0;
				TARGETED_DEVICE_FAMILY = "1,2";
			};
			name = Release;
		};
		9F4EBA6724EBAE59004B55D2 /* Debug */ = {
			isa = XCBuildConfiguration;
			buildSettings = {
				ALWAYS_EMBED_SWIFT_STANDARD_LIBRARIES = YES;
				BUNDLE_LOADER = "$(TEST_HOST)";
				CODE_SIGN_STYLE = Automatic;
				INFOPLIST_FILE = SubscriberPattersTests/Info.plist;
				IPHONEOS_DEPLOYMENT_TARGET = 13.5;
				LD_RUNPATH_SEARCH_PATHS = (
					"$(inherited)",
					"@executable_path/Frameworks",
					"@loader_path/Frameworks",
				);
				PRODUCT_BUNDLE_IDENTIFIER = ashishjindal.SubscriberPattersTests;
				PRODUCT_NAME = "$(TARGET_NAME)";
				SWIFT_VERSION = 5.0;
				TARGETED_DEVICE_FAMILY = "1,2";
				TEST_HOST = "$(BUILT_PRODUCTS_DIR)/SubscriberPatters.app/SubscriberPatters";
			};
			name = Debug;
		};
		9F4EBA6824EBAE59004B55D2 /* Release */ = {
			isa = XCBuildConfiguration;
			buildSettings = {
				ALWAYS_EMBED_SWIFT_STANDARD_LIBRARIES = YES;
				BUNDLE_LOADER = "$(TEST_HOST)";
				CODE_SIGN_STYLE = Automatic;
				INFOPLIST_FILE = SubscriberPattersTests/Info.plist;
				IPHONEOS_DEPLOYMENT_TARGET = 13.5;
				LD_RUNPATH_SEARCH_PATHS = (
					"$(inherited)",
					"@executable_path/Frameworks",
					"@loader_path/Frameworks",
				);
				PRODUCT_BUNDLE_IDENTIFIER = ashishjindal.SubscriberPattersTests;
				PRODUCT_NAME = "$(TARGET_NAME)";
				SWIFT_VERSION = 5.0;
				TARGETED_DEVICE_FAMILY = "1,2";
				TEST_HOST = "$(BUILT_PRODUCTS_DIR)/SubscriberPatters.app/SubscriberPatters";
			};
			name = Release;
		};
		9F4EBA6A24EBAE59004B55D2 /* Debug */ = {
			isa = XCBuildConfiguration;
			buildSettings = {
				ALWAYS_EMBED_SWIFT_STANDARD_LIBRARIES = YES;
				CODE_SIGN_STYLE = Automatic;
				INFOPLIST_FILE = SubscriberPattersUITests/Info.plist;
				LD_RUNPATH_SEARCH_PATHS = (
					"$(inherited)",
					"@executable_path/Frameworks",
					"@loader_path/Frameworks",
				);
				PRODUCT_BUNDLE_IDENTIFIER = ashishjindal.SubscriberPattersUITests;
				PRODUCT_NAME = "$(TARGET_NAME)";
				SWIFT_VERSION = 5.0;
				TARGETED_DEVICE_FAMILY = "1,2";
				TEST_TARGET_NAME = SubscriberPatters;
			};
			name = Debug;
		};
		9F4EBA6B24EBAE59004B55D2 /* Release */ = {
			isa = XCBuildConfiguration;
			buildSettings = {
				ALWAYS_EMBED_SWIFT_STANDARD_LIBRARIES = YES;
				CODE_SIGN_STYLE = Automatic;
				INFOPLIST_FILE = SubscriberPattersUITests/Info.plist;
				LD_RUNPATH_SEARCH_PATHS = (
					"$(inherited)",
					"@executable_path/Frameworks",
					"@loader_path/Frameworks",
				);
				PRODUCT_BUNDLE_IDENTIFIER = ashishjindal.SubscriberPattersUITests;
				PRODUCT_NAME = "$(TARGET_NAME)";
				SWIFT_VERSION = 5.0;
				TARGETED_DEVICE_FAMILY = "1,2";
				TEST_TARGET_NAME = SubscriberPatters;
			};
			name = Release;
		};
/* End XCBuildConfiguration section */

/* Begin XCConfigurationList section */
		9F4EBA3424EBAE56004B55D2 /* Build configuration list for PBXProject "SubscriberPatters" */ = {
			isa = XCConfigurationList;
			buildConfigurations = (
				9F4EBA6124EBAE59004B55D2 /* Debug */,
				9F4EBA6224EBAE59004B55D2 /* Release */,
			);
			defaultConfigurationIsVisible = 0;
			defaultConfigurationName = Release;
		};
		9F4EBA6324EBAE59004B55D2 /* Build configuration list for PBXNativeTarget "SubscriberPatters" */ = {
			isa = XCConfigurationList;
			buildConfigurations = (
				9F4EBA6424EBAE59004B55D2 /* Debug */,
				9F4EBA6524EBAE59004B55D2 /* Release */,
			);
			defaultConfigurationIsVisible = 0;
			defaultConfigurationName = Release;
		};
		9F4EBA6624EBAE59004B55D2 /* Build configuration list for PBXNativeTarget "SubscriberPattersTests" */ = {
			isa = XCConfigurationList;
			buildConfigurations = (
				9F4EBA6724EBAE59004B55D2 /* Debug */,
				9F4EBA6824EBAE59004B55D2 /* Release */,
			);
			defaultConfigurationIsVisible = 0;
			defaultConfigurationName = Release;
		};
		9F4EBA6924EBAE59004B55D2 /* Build configuration list for PBXNativeTarget "SubscriberPattersUITests" */ = {
			isa = XCConfigurationList;
			buildConfigurations = (
				9F4EBA6A24EBAE59004B55D2 /* Debug */,
				9F4EBA6B24EBAE59004B55D2 /* Release */,
			);
			defaultConfigurationIsVisible = 0;
			defaultConfigurationName = Release;
		};
/* End XCConfigurationList section */
	};
	rootObject = 9F4EBA3124EBAE56004B55D2 /* Project object */;
}
